{
  "name": "sitetest1.robloxlabs.com",
  "lockfileVersion": 2,
  "requires": true,
  "packages": {
    "": {
      "dependencies": {
        "jsformat": "^0.1.30"
      }
    },
    "node_modules/jsformat": {
      "version": "0.1.30",
      "resolved": "https://registry.npmjs.org/jsformat/-/jsformat-0.1.30.tgz",
      "integrity": "sha1-U50nvkAtZfIaNQ+9+zG6x6xv67E=",
      "bin": {
        "jsformat": "bin/jsformat.js"
      }
    }
  },
  "dependencies": {
    "jsformat": {
      "version": "0.1.30",
      "resolved": "https://registry.npmjs.org/jsformat/-/jsformat-0.1.30.tgz",
      "integrity": "sha1-U50nvkAtZfIaNQ+9+zG6x6xv67E="
    }
  }
}
